
Microsoft Visual Studio Solution File, Format Version 12.00
# Visual Studio Version 17
VisualStudioVersion = 17.5.33530.505
MinimumVisualStudioVersion = 10.0.40219.1
Project("{FAE04EC0-301F-11D3-BF4B-00C04F79EFBC}") = "PokemonReviewApp", "PokemonReviewApp\PokemonReviewApp.csproj", "{002DCDCF-0D17-4EC4-8707-577D0AF1A8D3}"
EndProject
Global
	GlobalSection(SolutionConfigurationPlatforms) = preSolution
		Debug|Any CPU = Debug|Any CPU
		Release|Any CPU = Release|Any CPU
	EndGlobalSection
	GlobalSection(ProjectConfigurationPlatforms) = postSolution
		{002DCDCF-0D17-4EC4-8707-577D0AF1A8D3}.Debug|Any CPU.ActiveCfg = Debug|Any CPU
		{002DCDCF-0D17-4EC4-8707-577D0AF1A8D3}.Debug|Any CPU.Build.0 = Debug|Any CPU
		{002DCDCF-0D17-4EC4-8707-577D0AF1A8D3}.Release|Any CPU.ActiveCfg = Release|Any CPU
		{002DCDCF-0D17-4EC4-8707-577D0AF1A8D3}.Release|Any CPU.Build.0 = Release|Any CPU
	EndGlobalSection
	GlobalSection(SolutionProperties) = preSolution
		HideSolutionNode = FALSE
	EndGlobalSection
	GlobalSection(ExtensibilityGlobals) = postSolution
		SolutionGuid = {A5863BDC-EA3B-475C-B1B9-6A13537B2B49}
	EndGlobalSection
EndGlobal
